
Microsoft Visual Studio Solution File, Format Version 12.00
# Visual Studio Version 17
VisualStudioVersion = 17.0.31903.59
MinimumVisualStudioVersion = 10.0.40219.1
Project("{FAE04EC0-301F-11D3-BF4B-00C04F79EFBC}") = "BookLoanSystem.Infrastructure", "BookLoanSystem.Infrastructure\BookLoanSystem.Infrastructure.csproj", "{3EF5645A-C663-4284-BC1B-807348C7C2BF}"
EndProject
Project("{FAE04EC0-301F-11D3-BF4B-00C04F79EFBC}") = "BookLoanSystem.Application", "BookLoanSystem.Application\BookLoanSystem.Application.csproj", "{FE8AFBAC-8590-4B66-9EC0-90390AFCF0F1}"
EndProject
Project("{FAE04EC0-301F-11D3-BF4B-00C04F79EFBC}") = "BookLoanSystem.Domain", "BookLoanSystem.Domain\BookLoanSystem.Domain.csproj", "{875B7569-29A6-4891-AD4A-6220042B02F1}"
EndProject
Project("{FAE04EC0-301F-11D3-BF4B-00C04F79EFBC}") = "BookLoanSystem.API", "BookLoanSystem.API\BookLoanSystem.API.csproj", "{6EF41F66-CA64-4117-9517-1D8A039CB7EE}"
EndProject
Global
	GlobalSection(SolutionConfigurationPlatforms) = preSolution
		Debug|Any CPU = Debug|Any CPU
		Release|Any CPU = Release|Any CPU
	EndGlobalSection
	GlobalSection(SolutionProperties) = preSolution
		HideSolutionNode = FALSE
	EndGlobalSection
	GlobalSection(ProjectConfigurationPlatforms) = postSolution
		{3EF5645A-C663-4284-BC1B-807348C7C2BF}.Debug|Any CPU.ActiveCfg = Debug|Any CPU
		{3EF5645A-C663-4284-BC1B-807348C7C2BF}.Debug|Any CPU.Build.0 = Debug|Any CPU
		{3EF5645A-C663-4284-BC1B-807348C7C2BF}.Release|Any CPU.ActiveCfg = Release|Any CPU
		{3EF5645A-C663-4284-BC1B-807348C7C2BF}.Release|Any CPU.Build.0 = Release|Any CPU
		{FE8AFBAC-8590-4B66-9EC0-90390AFCF0F1}.Debug|Any CPU.ActiveCfg = Debug|Any CPU
		{FE8AFBAC-8590-4B66-9EC0-90390AFCF0F1}.Debug|Any CPU.Build.0 = Debug|Any CPU
		{FE8AFBAC-8590-4B66-9EC0-90390AFCF0F1}.Release|Any CPU.ActiveCfg = Release|Any CPU
		{FE8AFBAC-8590-4B66-9EC0-90390AFCF0F1}.Release|Any CPU.Build.0 = Release|Any CPU
		{875B7569-29A6-4891-AD4A-6220042B02F1}.Debug|Any CPU.ActiveCfg = Debug|Any CPU
		{875B7569-29A6-4891-AD4A-6220042B02F1}.Debug|Any CPU.Build.0 = Debug|Any CPU
		{875B7569-29A6-4891-AD4A-6220042B02F1}.Release|Any CPU.ActiveCfg = Release|Any CPU
		{875B7569-29A6-4891-AD4A-6220042B02F1}.Release|Any CPU.Build.0 = Release|Any CPU
		{6EF41F66-CA64-4117-9517-1D8A039CB7EE}.Debug|Any CPU.ActiveCfg = Debug|Any CPU
		{6EF41F66-CA64-4117-9517-1D8A039CB7EE}.Debug|Any CPU.Build.0 = Debug|Any CPU
		{6EF41F66-CA64-4117-9517-1D8A039CB7EE}.Release|Any CPU.ActiveCfg = Release|Any CPU
		{6EF41F66-CA64-4117-9517-1D8A039CB7EE}.Release|Any CPU.Build.0 = Release|Any CPU
	EndGlobalSection
EndGlobal
